
Microsoft Visual Studio Solution File, Format Version 12.00
# Visual Studio Version 17
VisualStudioVersion = 17.14.36511.14
MinimumVisualStudioVersion = 10.0.40219.1
Project("{FAE04EC0-301F-11D3-BF4B-00C04F79EFBC}") = "Avae.Abstractions", "Avae.Abstractions\Avae.Abstractions.csproj", "{B29C2E54-E8C4-4C24-BC99-F9EAEDE414B3}"
EndProject
Project("{FAE04EC0-301F-11D3-BF4B-00C04F79EFBC}") = "Example", "Example\Example.csproj", "{A0FC842C-5103-E242-CA0E-06B13ABAA9ED}"
EndProject
Project("{FAE04EC0-301F-11D3-BF4B-00C04F79EFBC}") = "Example.Desktop", "Example.Desktop\Example.Desktop.csproj", "{96EFDB0E-DD15-9326-EC86-F8695A3F9295}"
EndProject
Project("{FAE04EC0-301F-11D3-BF4B-00C04F79EFBC}") = "Avae.Implementations", "Avae.Implementations\Avae.Implementations.csproj", "{CDAF206C-449B-48EC-9CC3-88537C929E36}"
EndProject
Global
	GlobalSection(SolutionConfigurationPlatforms) = preSolution
		Debug|Any CPU = Debug|Any CPU
		Release|Any CPU = Release|Any CPU
	EndGlobalSection
	GlobalSection(ProjectConfigurationPlatforms) = postSolution
		{B29C2E54-E8C4-4C24-BC99-F9EAEDE414B3}.Debug|Any CPU.ActiveCfg = Debug|Any CPU
		{B29C2E54-E8C4-4C24-BC99-F9EAEDE414B3}.Debug|Any CPU.Build.0 = Debug|Any CPU
		{B29C2E54-E8C4-4C24-BC99-F9EAEDE414B3}.Release|Any CPU.ActiveCfg = Release|Any CPU
		{B29C2E54-E8C4-4C24-BC99-F9EAEDE414B3}.Release|Any CPU.Build.0 = Release|Any CPU
		{A0FC842C-5103-E242-CA0E-06B13ABAA9ED}.Debug|Any CPU.ActiveCfg = Debug|Any CPU
		{A0FC842C-5103-E242-CA0E-06B13ABAA9ED}.Debug|Any CPU.Build.0 = Debug|Any CPU
		{A0FC842C-5103-E242-CA0E-06B13ABAA9ED}.Release|Any CPU.ActiveCfg = Release|Any CPU
		{A0FC842C-5103-E242-CA0E-06B13ABAA9ED}.Release|Any CPU.Build.0 = Release|Any CPU
		{96EFDB0E-DD15-9326-EC86-F8695A3F9295}.Debug|Any CPU.ActiveCfg = Debug|Any CPU
		{96EFDB0E-DD15-9326-EC86-F8695A3F9295}.Debug|Any CPU.Build.0 = Debug|Any CPU
		{96EFDB0E-DD15-9326-EC86-F8695A3F9295}.Release|Any CPU.ActiveCfg = Release|Any CPU
		{96EFDB0E-DD15-9326-EC86-F8695A3F9295}.Release|Any CPU.Build.0 = Release|Any CPU
		{CDAF206C-449B-48EC-9CC3-88537C929E36}.Debug|Any CPU.ActiveCfg = Debug|Any CPU
		{CDAF206C-449B-48EC-9CC3-88537C929E36}.Debug|Any CPU.Build.0 = Debug|Any CPU
		{CDAF206C-449B-48EC-9CC3-88537C929E36}.Release|Any CPU.ActiveCfg = Release|Any CPU
		{CDAF206C-449B-48EC-9CC3-88537C929E36}.Release|Any CPU.Build.0 = Release|Any CPU
	EndGlobalSection
	GlobalSection(SolutionProperties) = preSolution
		HideSolutionNode = FALSE
	EndGlobalSection
	GlobalSection(ExtensibilityGlobals) = postSolution
		SolutionGuid = {98BB4370-13F3-4021-BFC6-A32E7D32644F}
	EndGlobalSection
EndGlobal
