
Microsoft Visual Studio Solution File, Format Version 12.00
# Visual Studio Version 17
VisualStudioVersion = 17.14.36511.14
MinimumVisualStudioVersion = 10.0.40219.1
Project("{FAE04EC0-301F-11D3-BF4B-00C04F79EFBC}") = "Avae.Abstractions", "Avae.Abstractions\Avae.Abstractions.csproj", "{B29C2E54-E8C4-4C24-BC99-F9EAEDE414B3}"
EndProject
Project("{FAE04EC0-301F-11D3-BF4B-00C04F79EFBC}") = "Example", "Example\Example.csproj", "{A0FC842C-5103-E242-CA0E-06B13ABAA9ED}"
EndProject
Project("{FAE04EC0-301F-11D3-BF4B-00C04F79EFBC}") = "Example.Desktop", "Example.Desktop\Example.Desktop.csproj", "{96EFDB0E-DD15-9326-EC86-F8695A3F9295}"
EndProject
Project("{FAE04EC0-301F-11D3-BF4B-00C04F79EFBC}") = "Avae.Implementations", "Avae.Implementations\Avae.Implementations.csproj", "{CDAF206C-449B-48EC-9CC3-88537C929E36}"
EndProject
Project("{FAE04EC0-301F-11D3-BF4B-00C04F79EFBC}") = "Avae.Generator", "Avae.Generator\Avae.Generator.csproj", "{445A2D4B-6174-580F-0003-40B2971B5E45}"
EndProject
Project("{FAE04EC0-301F-11D3-BF4B-00C04F79EFBC}") = "Avae.DAL", "Avae.DAL\Avae.DAL.csproj", "{145330B2-570C-42F3-8B5C-F0F33A49F445}"
EndProject
Project("{FAE04EC0-301F-11D3-BF4B-00C04F79EFBC}") = "Examples.Android", "Examples.Android\Examples.Android.csproj", "{417BDE18-8108-A1F5-A86C-3172BCCFB0B6}"
EndProject
Project("{FAE04EC0-301F-11D3-BF4B-00C04F79EFBC}") = "Examples.Browser", "Examples.Browser\Examples.Browser.csproj", "{6996F395-B7A8-7735-A5B2-9B699D99DFCC}"
EndProject
Project("{FAE04EC0-301F-11D3-BF4B-00C04F79EFBC}") = "Examples.iOS", "Examples.iOS\Examples.iOS.csproj", "{99C741DA-DE5E-B6D7-9D7B-D59FFE077AB9}"
EndProject
Project("{FAE04EC0-301F-11D3-BF4B-00C04F79EFBC}") = "Example.Server", "Example.Server\Example.Server.csproj", "{3AE20FB0-55AE-4DB0-999C-4B3C27829569}"
EndProject
Project("{FAE04EC0-301F-11D3-BF4B-00C04F79EFBC}") = "Example.Models", "Example.Models\Example.Models.csproj", "{47303CA2-EDCB-4D94-981D-C1E20B422191}"
EndProject
Global
	GlobalSection(SolutionConfigurationPlatforms) = preSolution
		Debug|Any CPU = Debug|Any CPU
		Release|Any CPU = Release|Any CPU
	EndGlobalSection
	GlobalSection(ProjectConfigurationPlatforms) = postSolution
		{B29C2E54-E8C4-4C24-BC99-F9EAEDE414B3}.Debug|Any CPU.ActiveCfg = Debug|Any CPU
		{B29C2E54-E8C4-4C24-BC99-F9EAEDE414B3}.Debug|Any CPU.Build.0 = Debug|Any CPU
		{B29C2E54-E8C4-4C24-BC99-F9EAEDE414B3}.Release|Any CPU.ActiveCfg = Release|Any CPU
		{B29C2E54-E8C4-4C24-BC99-F9EAEDE414B3}.Release|Any CPU.Build.0 = Release|Any CPU
		{A0FC842C-5103-E242-CA0E-06B13ABAA9ED}.Debug|Any CPU.ActiveCfg = Debug|Any CPU
		{A0FC842C-5103-E242-CA0E-06B13ABAA9ED}.Debug|Any CPU.Build.0 = Debug|Any CPU
		{A0FC842C-5103-E242-CA0E-06B13ABAA9ED}.Release|Any CPU.ActiveCfg = Release|Any CPU
		{A0FC842C-5103-E242-CA0E-06B13ABAA9ED}.Release|Any CPU.Build.0 = Release|Any CPU
		{96EFDB0E-DD15-9326-EC86-F8695A3F9295}.Debug|Any CPU.ActiveCfg = Debug|Any CPU
		{96EFDB0E-DD15-9326-EC86-F8695A3F9295}.Debug|Any CPU.Build.0 = Debug|Any CPU
		{96EFDB0E-DD15-9326-EC86-F8695A3F9295}.Release|Any CPU.ActiveCfg = Release|Any CPU
		{96EFDB0E-DD15-9326-EC86-F8695A3F9295}.Release|Any CPU.Build.0 = Release|Any CPU
		{CDAF206C-449B-48EC-9CC3-88537C929E36}.Debug|Any CPU.ActiveCfg = Debug|Any CPU
		{CDAF206C-449B-48EC-9CC3-88537C929E36}.Debug|Any CPU.Build.0 = Debug|Any CPU
		{CDAF206C-449B-48EC-9CC3-88537C929E36}.Release|Any CPU.ActiveCfg = Release|Any CPU
		{CDAF206C-449B-48EC-9CC3-88537C929E36}.Release|Any CPU.Build.0 = Release|Any CPU
		{445A2D4B-6174-580F-0003-40B2971B5E45}.Debug|Any CPU.ActiveCfg = Debug|Any CPU
		{445A2D4B-6174-580F-0003-40B2971B5E45}.Debug|Any CPU.Build.0 = Debug|Any CPU
		{445A2D4B-6174-580F-0003-40B2971B5E45}.Release|Any CPU.ActiveCfg = Release|Any CPU
		{445A2D4B-6174-580F-0003-40B2971B5E45}.Release|Any CPU.Build.0 = Release|Any CPU
		{145330B2-570C-42F3-8B5C-F0F33A49F445}.Debug|Any CPU.ActiveCfg = Debug|Any CPU
		{145330B2-570C-42F3-8B5C-F0F33A49F445}.Debug|Any CPU.Build.0 = Debug|Any CPU
		{145330B2-570C-42F3-8B5C-F0F33A49F445}.Release|Any CPU.ActiveCfg = Release|Any CPU
		{145330B2-570C-42F3-8B5C-F0F33A49F445}.Release|Any CPU.Build.0 = Release|Any CPU
		{417BDE18-8108-A1F5-A86C-3172BCCFB0B6}.Debug|Any CPU.ActiveCfg = Debug|Any CPU
		{417BDE18-8108-A1F5-A86C-3172BCCFB0B6}.Debug|Any CPU.Build.0 = Debug|Any CPU
		{417BDE18-8108-A1F5-A86C-3172BCCFB0B6}.Debug|Any CPU.Deploy.0 = Debug|Any CPU
		{417BDE18-8108-A1F5-A86C-3172BCCFB0B6}.Release|Any CPU.ActiveCfg = Release|Any CPU
		{417BDE18-8108-A1F5-A86C-3172BCCFB0B6}.Release|Any CPU.Build.0 = Release|Any CPU
		{417BDE18-8108-A1F5-A86C-3172BCCFB0B6}.Release|Any CPU.Deploy.0 = Release|Any CPU
		{6996F395-B7A8-7735-A5B2-9B699D99DFCC}.Debug|Any CPU.ActiveCfg = Debug|Any CPU
		{6996F395-B7A8-7735-A5B2-9B699D99DFCC}.Debug|Any CPU.Build.0 = Debug|Any CPU
		{6996F395-B7A8-7735-A5B2-9B699D99DFCC}.Release|Any CPU.ActiveCfg = Release|Any CPU
		{6996F395-B7A8-7735-A5B2-9B699D99DFCC}.Release|Any CPU.Build.0 = Release|Any CPU
		{99C741DA-DE5E-B6D7-9D7B-D59FFE077AB9}.Debug|Any CPU.ActiveCfg = Debug|Any CPU
		{99C741DA-DE5E-B6D7-9D7B-D59FFE077AB9}.Debug|Any CPU.Build.0 = Debug|Any CPU
		{99C741DA-DE5E-B6D7-9D7B-D59FFE077AB9}.Debug|Any CPU.Deploy.0 = Debug|Any CPU
		{99C741DA-DE5E-B6D7-9D7B-D59FFE077AB9}.Release|Any CPU.ActiveCfg = Release|Any CPU
		{99C741DA-DE5E-B6D7-9D7B-D59FFE077AB9}.Release|Any CPU.Build.0 = Release|Any CPU
		{99C741DA-DE5E-B6D7-9D7B-D59FFE077AB9}.Release|Any CPU.Deploy.0 = Release|Any CPU
		{3AE20FB0-55AE-4DB0-999C-4B3C27829569}.Debug|Any CPU.ActiveCfg = Debug|Any CPU
		{3AE20FB0-55AE-4DB0-999C-4B3C27829569}.Debug|Any CPU.Build.0 = Debug|Any CPU
		{3AE20FB0-55AE-4DB0-999C-4B3C27829569}.Release|Any CPU.ActiveCfg = Release|Any CPU
		{3AE20FB0-55AE-4DB0-999C-4B3C27829569}.Release|Any CPU.Build.0 = Release|Any CPU
		{47303CA2-EDCB-4D94-981D-C1E20B422191}.Debug|Any CPU.ActiveCfg = Debug|Any CPU
		{47303CA2-EDCB-4D94-981D-C1E20B422191}.Debug|Any CPU.Build.0 = Debug|Any CPU
		{47303CA2-EDCB-4D94-981D-C1E20B422191}.Release|Any CPU.ActiveCfg = Release|Any CPU
		{47303CA2-EDCB-4D94-981D-C1E20B422191}.Release|Any CPU.Build.0 = Release|Any CPU
	EndGlobalSection
	GlobalSection(SolutionProperties) = preSolution
		HideSolutionNode = FALSE
	EndGlobalSection
	GlobalSection(ExtensibilityGlobals) = postSolution
		SolutionGuid = {98BB4370-13F3-4021-BFC6-A32E7D32644F}
	EndGlobalSection
EndGlobal
