
Microsoft Visual Studio Solution File, Format Version 12.00
# Visual Studio Version 18
VisualStudioVersion = 18.8.11918.235
MinimumVisualStudioVersion = 10.0.40219.1
Project("{FAE04EC0-301F-11D3-BF4B-00C04F79EFBC}") = "Avae.Abstractions", "Avae.Abstractions\Avae.Abstractions.csproj", "{B29C2E54-E8C4-4C24-BC99-F9EAEDE414B3}"
EndProject
Project("{FAE04EC0-301F-11D3-BF4B-00C04F79EFBC}") = "Example", "Example\Example.csproj", "{A0FC842C-5103-E242-CA0E-06B13ABAA9ED}"
EndProject
Project("{FAE04EC0-301F-11D3-BF4B-00C04F79EFBC}") = "Example.Desktop", "Example.Desktop\Example.Desktop.csproj", "{96EFDB0E-DD15-9326-EC86-F8695A3F9295}"
EndProject
Project("{FAE04EC0-301F-11D3-BF4B-00C04F79EFBC}") = "Avae.Avalonia", "Avae.Avalonia\Avae.Avalonia.csproj", "{CDAF206C-449B-48EC-9CC3-88537C929E36}"
EndProject
Project("{FAE04EC0-301F-11D3-BF4B-00C04F79EFBC}") = "Avae.DAL", "Avae.DAL\Avae.DAL.csproj", "{145330B2-570C-42F3-8B5C-F0F33A49F445}"
EndProject
Project("{FAE04EC0-301F-11D3-BF4B-00C04F79EFBC}") = "Example.Android", "Example.Android\Example.Android.csproj", "{417BDE18-8108-A1F5-A86C-3172BCCFB0B6}"
EndProject
Project("{FAE04EC0-301F-11D3-BF4B-00C04F79EFBC}") = "Example.Browser", "Example.Browser\Example.Browser.csproj", "{6996F395-B7A8-7735-A5B2-9B699D99DFCC}"
EndProject
Project("{FAE04EC0-301F-11D3-BF4B-00C04F79EFBC}") = "Examples.iOS", "Examples.iOS\Examples.iOS.csproj", "{99C741DA-DE5E-B6D7-9D7B-D59FFE077AB9}"
EndProject
Project("{FAE04EC0-301F-11D3-BF4B-00C04F79EFBC}") = "Example.Server", "Example.Server\Example.Server.csproj", "{3AE20FB0-55AE-4DB0-999C-4B3C27829569}"
EndProject
Project("{FAE04EC0-301F-11D3-BF4B-00C04F79EFBC}") = "Example.Models", "Example.Models\Example.Models.csproj", "{47303CA2-EDCB-4D94-981D-C1E20B422191}"
EndProject
Project("{FAE04EC0-301F-11D3-BF4B-00C04F79EFBC}") = "Example.Maui", "Example.Maui\Example.Maui.csproj", "{42C4AB31-CA55-40D6-9C97-3092BFCA6A91}"
EndProject
Project("{FAE04EC0-301F-11D3-BF4B-00C04F79EFBC}") = "Example.ViewModels", "Example.ViewModels\Example.ViewModels.csproj", "{DCAF5F6A-BEC5-4525-8381-9D55901189B3}"
EndProject
Project("{FAE04EC0-301F-11D3-BF4B-00C04F79EFBC}") = "Avae.Services", "Avae.Services\Avae.Services.csproj", "{41B6648D-4F90-4D6C-99B2-55586E88AC50}"
EndProject
Project("{FAE04EC0-301F-11D3-BF4B-00C04F79EFBC}") = "Avae.Maui", "Avae.Maui\Avae.Maui.csproj", "{6DC57DEA-1EF1-4298-A3AF-6A60CBBDFEE5}"
EndProject
Project("{FAE04EC0-301F-11D3-BF4B-00C04F79EFBC}") = "Example.BlazorApp", "Example.BlazorApp\Example.BlazorApp.csproj", "{7172266F-592E-4C4F-BA47-7E5A4F5A5477}"
EndProject
Project("{FAE04EC0-301F-11D3-BF4B-00C04F79EFBC}") = "Example.BlazorAssembly", "Example.BlazorAssembly\Example.BlazorAssembly.csproj", "{6F1AC887-3884-4893-9DF0-C92E972F8BE7}"
EndProject
Project("{FAE04EC0-301F-11D3-BF4B-00C04F79EFBC}") = "Example.Razor", "Example.Razor\Example.Razor.csproj", "{9681C149-B655-4647-98F5-E307EB03A4F2}"
EndProject
Project("{FAE04EC0-301F-11D3-BF4B-00C04F79EFBC}") = "Example.Hybrid", "Example.Hybrid\Example.Hybrid.csproj", "{760BECE8-FEA6-4386-A064-54144006844C}"
EndProject
Project("{FAE04EC0-301F-11D3-BF4B-00C04F79EFBC}") = "Avae.Razor", "Avae.Razor\Avae.Razor.csproj", "{B93CC2FF-B006-4655-829A-32D5103AD3EE}"
EndProject
Project("{FAE04EC0-301F-11D3-BF4B-00C04F79EFBC}") = "Avae.SignalR", "Avae.SignalR\Avae.SignalR.csproj", "{728E0D80-576E-4DBD-B30D-23377F3B5F1C}"
EndProject
Project("{FAE04EC0-301F-11D3-BF4B-00C04F79EFBC}") = "Avae.SqlTableDependency", "Avae.SqlTableDependency\Avae.SqlTableDependency.csproj", "{DD247354-4B8E-4132-8836-DF926B4F169E}"
EndProject
Project("{FAE04EC0-301F-11D3-BF4B-00C04F79EFBC}") = "Avae.Sqlite", "Avae.Sqlite\Avae.Sqlite.csproj", "{DC68B81A-30FA-4D77-9323-72AFBC1EF9C9}"
EndProject
Project("{FAE04EC0-301F-11D3-BF4B-00C04F79EFBC}") = "Avae.Grpc", "Avae.Grpc\Avae.Grpc.csproj", "{866018E5-CFCF-4218-976F-2CB72298D9AD}"
EndProject
Project("{FAE04EC0-301F-11D3-BF4B-00C04F79EFBC}") = "Avae.Server", "Avae.Server\Avae.Server.csproj", "{7C64D268-307B-426C-B128-5B7485829C5B}"
EndProject
Project("{FAE04EC0-301F-11D3-BF4B-00C04F79EFBC}") = "Avae.Everywhere", "Avae.Everywhere\Avae.Everywhere.csproj", "{80638273-4225-4532-92D9-4CEDC9493A46}"
EndProject
Project("{FAE04EC0-301F-11D3-BF4B-00C04F79EFBC}") = "Example.Windows", "Example.Windows\Example.Windows.csproj", "{84E74E36-3B06-45D0-BBC0-C6D3609EB31E}"
EndProject
Project("{FAE04EC0-301F-11D3-BF4B-00C04F79EFBC}") = "Avae.Essentials", "Avae.Essentials\Avae.Essentials.csproj", "{6F351A4E-4339-4697-97F4-A478806B75D8}"
EndProject
Project("{FAE04EC0-301F-11D3-BF4B-00C04F79EFBC}") = "Example.DAL", "Example.DAL\Example.DAL.csproj", "{99051E04-4430-4D6B-9357-FD74A75EB959}"
EndProject
Project("{FAE04EC0-301F-11D3-BF4B-00C04F79EFBC}") = "Avae.Browser", "Avae.Browser\Avae.Browser.csproj", "{AA48C62B-4B99-4960-B9AB-151FDDCE514E}"
EndProject
Project("{FAE04EC0-301F-11D3-BF4B-00C04F79EFBC}") = "Example.WebApplication", "Example.WebApplication\Example.WebApplication.csproj", "{460D5CEC-A3BF-4688-929E-7332CA00A329}"
EndProject
Global
	GlobalSection(SolutionConfigurationPlatforms) = preSolution
		Debug|Any CPU = Debug|Any CPU
		Release|Any CPU = Release|Any CPU
	EndGlobalSection
	GlobalSection(ProjectConfigurationPlatforms) = postSolution
		{B29C2E54-E8C4-4C24-BC99-F9EAEDE414B3}.Debug|Any CPU.ActiveCfg = Debug|Any CPU
		{B29C2E54-E8C4-4C24-BC99-F9EAEDE414B3}.Debug|Any CPU.Build.0 = Debug|Any CPU
		{B29C2E54-E8C4-4C24-BC99-F9EAEDE414B3}.Release|Any CPU.ActiveCfg = Release|Any CPU
		{B29C2E54-E8C4-4C24-BC99-F9EAEDE414B3}.Release|Any CPU.Build.0 = Release|Any CPU
		{A0FC842C-5103-E242-CA0E-06B13ABAA9ED}.Debug|Any CPU.ActiveCfg = Debug|Any CPU
		{A0FC842C-5103-E242-CA0E-06B13ABAA9ED}.Debug|Any CPU.Build.0 = Debug|Any CPU
		{A0FC842C-5103-E242-CA0E-06B13ABAA9ED}.Release|Any CPU.ActiveCfg = Release|Any CPU
		{A0FC842C-5103-E242-CA0E-06B13ABAA9ED}.Release|Any CPU.Build.0 = Release|Any CPU
		{96EFDB0E-DD15-9326-EC86-F8695A3F9295}.Debug|Any CPU.ActiveCfg = Debug|Any CPU
		{96EFDB0E-DD15-9326-EC86-F8695A3F9295}.Debug|Any CPU.Build.0 = Debug|Any CPU
		{96EFDB0E-DD15-9326-EC86-F8695A3F9295}.Release|Any CPU.ActiveCfg = Release|Any CPU
		{96EFDB0E-DD15-9326-EC86-F8695A3F9295}.Release|Any CPU.Build.0 = Release|Any CPU
		{CDAF206C-449B-48EC-9CC3-88537C929E36}.Debug|Any CPU.ActiveCfg = Debug|Any CPU
		{CDAF206C-449B-48EC-9CC3-88537C929E36}.Debug|Any CPU.Build.0 = Debug|Any CPU
		{CDAF206C-449B-48EC-9CC3-88537C929E36}.Release|Any CPU.ActiveCfg = Release|Any CPU
		{CDAF206C-449B-48EC-9CC3-88537C929E36}.Release|Any CPU.Build.0 = Release|Any CPU
		{145330B2-570C-42F3-8B5C-F0F33A49F445}.Debug|Any CPU.ActiveCfg = Debug|Any CPU
		{145330B2-570C-42F3-8B5C-F0F33A49F445}.Debug|Any CPU.Build.0 = Debug|Any CPU
		{145330B2-570C-42F3-8B5C-F0F33A49F445}.Release|Any CPU.ActiveCfg = Release|Any CPU
		{145330B2-570C-42F3-8B5C-F0F33A49F445}.Release|Any CPU.Build.0 = Release|Any CPU
		{417BDE18-8108-A1F5-A86C-3172BCCFB0B6}.Debug|Any CPU.ActiveCfg = Debug|Any CPU
		{417BDE18-8108-A1F5-A86C-3172BCCFB0B6}.Debug|Any CPU.Build.0 = Debug|Any CPU
		{417BDE18-8108-A1F5-A86C-3172BCCFB0B6}.Debug|Any CPU.Deploy.0 = Debug|Any CPU
		{417BDE18-8108-A1F5-A86C-3172BCCFB0B6}.Release|Any CPU.ActiveCfg = Release|Any CPU
		{417BDE18-8108-A1F5-A86C-3172BCCFB0B6}.Release|Any CPU.Build.0 = Release|Any CPU
		{417BDE18-8108-A1F5-A86C-3172BCCFB0B6}.Release|Any CPU.Deploy.0 = Release|Any CPU
		{6996F395-B7A8-7735-A5B2-9B699D99DFCC}.Debug|Any CPU.ActiveCfg = Debug|Any CPU
		{6996F395-B7A8-7735-A5B2-9B699D99DFCC}.Debug|Any CPU.Build.0 = Debug|Any CPU
		{6996F395-B7A8-7735-A5B2-9B699D99DFCC}.Release|Any CPU.ActiveCfg = Release|Any CPU
		{6996F395-B7A8-7735-A5B2-9B699D99DFCC}.Release|Any CPU.Build.0 = Release|Any CPU
		{99C741DA-DE5E-B6D7-9D7B-D59FFE077AB9}.Debug|Any CPU.ActiveCfg = Debug|Any CPU
		{99C741DA-DE5E-B6D7-9D7B-D59FFE077AB9}.Debug|Any CPU.Build.0 = Debug|Any CPU
		{99C741DA-DE5E-B6D7-9D7B-D59FFE077AB9}.Debug|Any CPU.Deploy.0 = Debug|Any CPU
		{99C741DA-DE5E-B6D7-9D7B-D59FFE077AB9}.Release|Any CPU.ActiveCfg = Release|Any CPU
		{99C741DA-DE5E-B6D7-9D7B-D59FFE077AB9}.Release|Any CPU.Build.0 = Release|Any CPU
		{99C741DA-DE5E-B6D7-9D7B-D59FFE077AB9}.Release|Any CPU.Deploy.0 = Release|Any CPU
		{3AE20FB0-55AE-4DB0-999C-4B3C27829569}.Debug|Any CPU.ActiveCfg = Debug|Any CPU
		{3AE20FB0-55AE-4DB0-999C-4B3C27829569}.Debug|Any CPU.Build.0 = Debug|Any CPU
		{3AE20FB0-55AE-4DB0-999C-4B3C27829569}.Release|Any CPU.ActiveCfg = Release|Any CPU
		{3AE20FB0-55AE-4DB0-999C-4B3C27829569}.Release|Any CPU.Build.0 = Release|Any CPU
		{47303CA2-EDCB-4D94-981D-C1E20B422191}.Debug|Any CPU.ActiveCfg = Debug|Any CPU
		{47303CA2-EDCB-4D94-981D-C1E20B422191}.Debug|Any CPU.Build.0 = Debug|Any CPU
		{47303CA2-EDCB-4D94-981D-C1E20B422191}.Release|Any CPU.ActiveCfg = Release|Any CPU
		{47303CA2-EDCB-4D94-981D-C1E20B422191}.Release|Any CPU.Build.0 = Release|Any CPU
		{42C4AB31-CA55-40D6-9C97-3092BFCA6A91}.Debug|Any CPU.ActiveCfg = Debug|Any CPU
		{42C4AB31-CA55-40D6-9C97-3092BFCA6A91}.Debug|Any CPU.Build.0 = Debug|Any CPU
		{42C4AB31-CA55-40D6-9C97-3092BFCA6A91}.Debug|Any CPU.Deploy.0 = Debug|Any CPU
		{42C4AB31-CA55-40D6-9C97-3092BFCA6A91}.Release|Any CPU.ActiveCfg = Release|Any CPU
		{42C4AB31-CA55-40D6-9C97-3092BFCA6A91}.Release|Any CPU.Build.0 = Release|Any CPU
		{DCAF5F6A-BEC5-4525-8381-9D55901189B3}.Debug|Any CPU.ActiveCfg = Debug|Any CPU
		{DCAF5F6A-BEC5-4525-8381-9D55901189B3}.Debug|Any CPU.Build.0 = Debug|Any CPU
		{DCAF5F6A-BEC5-4525-8381-9D55901189B3}.Release|Any CPU.ActiveCfg = Release|Any CPU
		{DCAF5F6A-BEC5-4525-8381-9D55901189B3}.Release|Any CPU.Build.0 = Release|Any CPU
		{41B6648D-4F90-4D6C-99B2-55586E88AC50}.Debug|Any CPU.ActiveCfg = Debug|Any CPU
		{41B6648D-4F90-4D6C-99B2-55586E88AC50}.Debug|Any CPU.Build.0 = Debug|Any CPU
		{41B6648D-4F90-4D6C-99B2-55586E88AC50}.Release|Any CPU.ActiveCfg = Release|Any CPU
		{41B6648D-4F90-4D6C-99B2-55586E88AC50}.Release|Any CPU.Build.0 = Release|Any CPU
		{6DC57DEA-1EF1-4298-A3AF-6A60CBBDFEE5}.Debug|Any CPU.ActiveCfg = Debug|Any CPU
		{6DC57DEA-1EF1-4298-A3AF-6A60CBBDFEE5}.Debug|Any CPU.Build.0 = Debug|Any CPU
		{6DC57DEA-1EF1-4298-A3AF-6A60CBBDFEE5}.Release|Any CPU.ActiveCfg = Release|Any CPU
		{6DC57DEA-1EF1-4298-A3AF-6A60CBBDFEE5}.Release|Any CPU.Build.0 = Release|Any CPU
		{7172266F-592E-4C4F-BA47-7E5A4F5A5477}.Debug|Any CPU.ActiveCfg = Debug|Any CPU
		{7172266F-592E-4C4F-BA47-7E5A4F5A5477}.Debug|Any CPU.Build.0 = Debug|Any CPU
		{7172266F-592E-4C4F-BA47-7E5A4F5A5477}.Release|Any CPU.ActiveCfg = Release|Any CPU
		{7172266F-592E-4C4F-BA47-7E5A4F5A5477}.Release|Any CPU.Build.0 = Release|Any CPU
		{6F1AC887-3884-4893-9DF0-C92E972F8BE7}.Debug|Any CPU.ActiveCfg = Debug|Any CPU
		{6F1AC887-3884-4893-9DF0-C92E972F8BE7}.Debug|Any CPU.Build.0 = Debug|Any CPU
		{6F1AC887-3884-4893-9DF0-C92E972F8BE7}.Release|Any CPU.ActiveCfg = Release|Any CPU
		{6F1AC887-3884-4893-9DF0-C92E972F8BE7}.Release|Any CPU.Build.0 = Release|Any CPU
		{9681C149-B655-4647-98F5-E307EB03A4F2}.Debug|Any CPU.ActiveCfg = Debug|Any CPU
		{9681C149-B655-4647-98F5-E307EB03A4F2}.Debug|Any CPU.Build.0 = Debug|Any CPU
		{9681C149-B655-4647-98F5-E307EB03A4F2}.Release|Any CPU.ActiveCfg = Release|Any CPU
		{9681C149-B655-4647-98F5-E307EB03A4F2}.Release|Any CPU.Build.0 = Release|Any CPU
		{760BECE8-FEA6-4386-A064-54144006844C}.Debug|Any CPU.ActiveCfg = Debug|Any CPU
		{760BECE8-FEA6-4386-A064-54144006844C}.Debug|Any CPU.Build.0 = Debug|Any CPU
		{760BECE8-FEA6-4386-A064-54144006844C}.Debug|Any CPU.Deploy.0 = Debug|Any CPU
		{760BECE8-FEA6-4386-A064-54144006844C}.Release|Any CPU.ActiveCfg = Release|Any CPU
		{760BECE8-FEA6-4386-A064-54144006844C}.Release|Any CPU.Build.0 = Release|Any CPU
		{B93CC2FF-B006-4655-829A-32D5103AD3EE}.Debug|Any CPU.ActiveCfg = Debug|Any CPU
		{B93CC2FF-B006-4655-829A-32D5103AD3EE}.Debug|Any CPU.Build.0 = Debug|Any CPU
		{B93CC2FF-B006-4655-829A-32D5103AD3EE}.Release|Any CPU.ActiveCfg = Release|Any CPU
		{B93CC2FF-B006-4655-829A-32D5103AD3EE}.Release|Any CPU.Build.0 = Release|Any CPU
		{728E0D80-576E-4DBD-B30D-23377F3B5F1C}.Debug|Any CPU.ActiveCfg = Debug|Any CPU
		{728E0D80-576E-4DBD-B30D-23377F3B5F1C}.Debug|Any CPU.Build.0 = Debug|Any CPU
		{728E0D80-576E-4DBD-B30D-23377F3B5F1C}.Release|Any CPU.ActiveCfg = Release|Any CPU
		{728E0D80-576E-4DBD-B30D-23377F3B5F1C}.Release|Any CPU.Build.0 = Release|Any CPU
		{DD247354-4B8E-4132-8836-DF926B4F169E}.Debug|Any CPU.ActiveCfg = Debug|Any CPU
		{DD247354-4B8E-4132-8836-DF926B4F169E}.Debug|Any CPU.Build.0 = Debug|Any CPU
		{DD247354-4B8E-4132-8836-DF926B4F169E}.Release|Any CPU.ActiveCfg = Release|Any CPU
		{DD247354-4B8E-4132-8836-DF926B4F169E}.Release|Any CPU.Build.0 = Release|Any CPU
		{DC68B81A-30FA-4D77-9323-72AFBC1EF9C9}.Debug|Any CPU.ActiveCfg = Debug|Any CPU
		{DC68B81A-30FA-4D77-9323-72AFBC1EF9C9}.Debug|Any CPU.Build.0 = Debug|Any CPU
		{DC68B81A-30FA-4D77-9323-72AFBC1EF9C9}.Release|Any CPU.ActiveCfg = Release|Any CPU
		{DC68B81A-30FA-4D77-9323-72AFBC1EF9C9}.Release|Any CPU.Build.0 = Release|Any CPU
		{866018E5-CFCF-4218-976F-2CB72298D9AD}.Debug|Any CPU.ActiveCfg = Debug|Any CPU
		{866018E5-CFCF-4218-976F-2CB72298D9AD}.Debug|Any CPU.Build.0 = Debug|Any CPU
		{866018E5-CFCF-4218-976F-2CB72298D9AD}.Release|Any CPU.ActiveCfg = Release|Any CPU
		{866018E5-CFCF-4218-976F-2CB72298D9AD}.Release|Any CPU.Build.0 = Release|Any CPU
		{7C64D268-307B-426C-B128-5B7485829C5B}.Debug|Any CPU.ActiveCfg = Debug|Any CPU
		{7C64D268-307B-426C-B128-5B7485829C5B}.Debug|Any CPU.Build.0 = Debug|Any CPU
		{7C64D268-307B-426C-B128-5B7485829C5B}.Release|Any CPU.ActiveCfg = Release|Any CPU
		{7C64D268-307B-426C-B128-5B7485829C5B}.Release|Any CPU.Build.0 = Release|Any CPU
		{80638273-4225-4532-92D9-4CEDC9493A46}.Debug|Any CPU.ActiveCfg = Debug|Any CPU
		{80638273-4225-4532-92D9-4CEDC9493A46}.Debug|Any CPU.Build.0 = Debug|Any CPU
		{80638273-4225-4532-92D9-4CEDC9493A46}.Release|Any CPU.ActiveCfg = Release|Any CPU
		{80638273-4225-4532-92D9-4CEDC9493A46}.Release|Any CPU.Build.0 = Release|Any CPU
		{84E74E36-3B06-45D0-BBC0-C6D3609EB31E}.Debug|Any CPU.ActiveCfg = Debug|Any CPU
		{84E74E36-3B06-45D0-BBC0-C6D3609EB31E}.Debug|Any CPU.Build.0 = Debug|Any CPU
		{84E74E36-3B06-45D0-BBC0-C6D3609EB31E}.Release|Any CPU.ActiveCfg = Release|Any CPU
		{84E74E36-3B06-45D0-BBC0-C6D3609EB31E}.Release|Any CPU.Build.0 = Release|Any CPU
		{6F351A4E-4339-4697-97F4-A478806B75D8}.Debug|Any CPU.ActiveCfg = Debug|Any CPU
		{6F351A4E-4339-4697-97F4-A478806B75D8}.Debug|Any CPU.Build.0 = Debug|Any CPU
		{6F351A4E-4339-4697-97F4-A478806B75D8}.Release|Any CPU.ActiveCfg = Release|Any CPU
		{6F351A4E-4339-4697-97F4-A478806B75D8}.Release|Any CPU.Build.0 = Release|Any CPU
		{99051E04-4430-4D6B-9357-FD74A75EB959}.Debug|Any CPU.ActiveCfg = Debug|Any CPU
		{99051E04-4430-4D6B-9357-FD74A75EB959}.Debug|Any CPU.Build.0 = Debug|Any CPU
		{99051E04-4430-4D6B-9357-FD74A75EB959}.Release|Any CPU.ActiveCfg = Release|Any CPU
		{99051E04-4430-4D6B-9357-FD74A75EB959}.Release|Any CPU.Build.0 = Release|Any CPU
		{AA48C62B-4B99-4960-B9AB-151FDDCE514E}.Debug|Any CPU.ActiveCfg = Debug|Any CPU
		{AA48C62B-4B99-4960-B9AB-151FDDCE514E}.Debug|Any CPU.Build.0 = Debug|Any CPU
		{AA48C62B-4B99-4960-B9AB-151FDDCE514E}.Release|Any CPU.ActiveCfg = Release|Any CPU
		{AA48C62B-4B99-4960-B9AB-151FDDCE514E}.Release|Any CPU.Build.0 = Release|Any CPU
		{460D5CEC-A3BF-4688-929E-7332CA00A329}.Debug|Any CPU.ActiveCfg = Debug|Any CPU
		{460D5CEC-A3BF-4688-929E-7332CA00A329}.Debug|Any CPU.Build.0 = Debug|Any CPU
		{460D5CEC-A3BF-4688-929E-7332CA00A329}.Release|Any CPU.ActiveCfg = Release|Any CPU
		{460D5CEC-A3BF-4688-929E-7332CA00A329}.Release|Any CPU.Build.0 = Release|Any CPU
	EndGlobalSection
	GlobalSection(SolutionProperties) = preSolution
		HideSolutionNode = FALSE
	EndGlobalSection
	GlobalSection(ExtensibilityGlobals) = postSolution
		SolutionGuid = {98BB4370-13F3-4021-BFC6-A32E7D32644F}
	EndGlobalSection
EndGlobal
